
Microsoft Visual Studio Solution File, Format Version 12.00
# Visual Studio Version 17
VisualStudioVersion = 17.9.34622.214
MinimumVisualStudioVersion = 10.0.40219.1
Project("{9A19103F-16F7-4668-BE54-9A1E7A4F7556}") = "TableStorageFunctionApp", "TableStorageFunctionApp.csproj", "{190D4D01-79C1-495F-BF26-C79DE7F7F9C4}"
EndProject
Global
	GlobalSection(SolutionConfigurationPlatforms) = preSolution
		Debug|Any CPU = Debug|Any CPU
		Release|Any CPU = Release|Any CPU
	EndGlobalSection
	GlobalSection(ProjectConfigurationPlatforms) = postSolution
		{190D4D01-79C1-495F-BF26-C79DE7F7F9C4}.Debug|Any CPU.ActiveCfg = Debug|Any CPU
		{190D4D01-79C1-495F-BF26-C79DE7F7F9C4}.Debug|Any CPU.Build.0 = Debug|Any CPU
		{190D4D01-79C1-495F-BF26-C79DE7F7F9C4}.Release|Any CPU.ActiveCfg = Release|Any CPU
		{190D4D01-79C1-495F-BF26-C79DE7F7F9C4}.Release|Any CPU.Build.0 = Release|Any CPU
	EndGlobalSection
	GlobalSection(SolutionProperties) = preSolution
		HideSolutionNode = FALSE
	EndGlobalSection
	GlobalSection(ExtensibilityGlobals) = postSolution
		SolutionGuid = {2CFC90B7-BBC6-4E38-A805-C935106D144E}
	EndGlobalSection
EndGlobal
